
Microsoft Visual Studio Solution File, Format Version 12.00
# Visual Studio Version 16
VisualStudioVersion = 16.0.30611.23
MinimumVisualStudioVersion = 10.0.40219.1
Project("{FAE04EC0-301F-11D3-BF4B-00C04F79EFBC}") = "BookStore", "BookStore\BookStore.csproj", "{942FBAB1-8567-4C0D-B27B-10DE1B04C380}"
EndProject
Global
	GlobalSection(SolutionConfigurationPlatforms) = preSolution
		Debug|Any CPU = Debug|Any CPU
		Release|Any CPU = Release|Any CPU
	EndGlobalSection
	GlobalSection(ProjectConfigurationPlatforms) = postSolution
		{942FBAB1-8567-4C0D-B27B-10DE1B04C380}.Debug|Any CPU.ActiveCfg = Debug|Any CPU
		{942FBAB1-8567-4C0D-B27B-10DE1B04C380}.Debug|Any CPU.Build.0 = Debug|Any CPU
		{942FBAB1-8567-4C0D-B27B-10DE1B04C380}.Release|Any CPU.ActiveCfg = Release|Any CPU
		{942FBAB1-8567-4C0D-B27B-10DE1B04C380}.Release|Any CPU.Build.0 = Release|Any CPU
	EndGlobalSection
	GlobalSection(SolutionProperties) = preSolution
		HideSolutionNode = FALSE
	EndGlobalSection
	GlobalSection(ExtensibilityGlobals) = postSolution
		SolutionGuid = {271D501E-58DF-422B-AF19-C21581E64173}
	EndGlobalSection
EndGlobal
